
Microsoft Visual Studio Solution File, Format Version 12.00
# Visual Studio Version 17
VisualStudioVersion = 17.1.32210.238
MinimumVisualStudioVersion = 10.0.40219.1
Project("{FAE04EC0-301F-11D3-BF4B-00C04F79EFBC}") = "LinqTest", "LinqTest\LinqTest.csproj", "{A134C112-890F-428B-B81B-B0B3CDE916F5}"
EndProject
Global
	GlobalSection(SolutionConfigurationPlatforms) = preSolution
		Debug|Any CPU = Debug|Any CPU
		Release|Any CPU = Release|Any CPU
	EndGlobalSection
	GlobalSection(ProjectConfigurationPlatforms) = postSolution
		{A134C112-890F-428B-B81B-B0B3CDE916F5}.Debug|Any CPU.ActiveCfg = Debug|Any CPU
		{A134C112-890F-428B-B81B-B0B3CDE916F5}.Debug|Any CPU.Build.0 = Debug|Any CPU
		{A134C112-890F-428B-B81B-B0B3CDE916F5}.Release|Any CPU.ActiveCfg = Release|Any CPU
		{A134C112-890F-428B-B81B-B0B3CDE916F5}.Release|Any CPU.Build.0 = Release|Any CPU
	EndGlobalSection
	GlobalSection(SolutionProperties) = preSolution
		HideSolutionNode = FALSE
	EndGlobalSection
	GlobalSection(ExtensibilityGlobals) = postSolution
		SolutionGuid = {BE5DC6D2-02D9-4134-8E83-060448C2471D}
	EndGlobalSection
EndGlobal
